
Microsoft Visual Studio Solution File, Format Version 12.00
# Visual Studio 15
VisualStudioVersion = 15.0.27703.2035
MinimumVisualStudioVersion = 10.0.40219.1
Project("{FAE04EC0-301F-11D3-BF4B-00C04F79EFBC}") = "ConsoleApp2", "ConsoleApp2\ConsoleApp2.csproj", "{AEE9AC10-BDF8-42B7-A95C-CD3FEA695176}"
EndProject
Project("{FAE04EC0-301F-11D3-BF4B-00C04F79EFBC}") = "ConsoleApp1", "..\ConsoleApp1\ConsoleApp1.csproj", "{6143F952-C9AE-4711-BCEF-8423FF4B74A0}"
EndProject
Global
	GlobalSection(SolutionConfigurationPlatforms) = preSolution
		Debug|Any CPU = Debug|Any CPU
		Release|Any CPU = Release|Any CPU
	EndGlobalSection
	GlobalSection(ProjectConfigurationPlatforms) = postSolution
		{AEE9AC10-BDF8-42B7-A95C-CD3FEA695176}.Debug|Any CPU.ActiveCfg = Debug|Any CPU
		{AEE9AC10-BDF8-42B7-A95C-CD3FEA695176}.Debug|Any CPU.Build.0 = Debug|Any CPU
		{AEE9AC10-BDF8-42B7-A95C-CD3FEA695176}.Release|Any CPU.ActiveCfg = Release|Any CPU
		{AEE9AC10-BDF8-42B7-A95C-CD3FEA695176}.Release|Any CPU.Build.0 = Release|Any CPU
		{6143F952-C9AE-4711-BCEF-8423FF4B74A0}.Debug|Any CPU.ActiveCfg = Debug|Any CPU
		{6143F952-C9AE-4711-BCEF-8423FF4B74A0}.Debug|Any CPU.Build.0 = Debug|Any CPU
		{6143F952-C9AE-4711-BCEF-8423FF4B74A0}.Release|Any CPU.ActiveCfg = Release|Any CPU
		{6143F952-C9AE-4711-BCEF-8423FF4B74A0}.Release|Any CPU.Build.0 = Release|Any CPU
	EndGlobalSection
	GlobalSection(SolutionProperties) = preSolution
		HideSolutionNode = FALSE
	EndGlobalSection
	GlobalSection(ExtensibilityGlobals) = postSolution
		SolutionGuid = {85DF3E0F-A268-4066-A6C9-B2F1A9219523}
	EndGlobalSection
EndGlobal
