
Microsoft Visual Studio Solution File, Format Version 12.00
# Visual Studio 15
VisualStudioVersion = 15.0.27703.2035
MinimumVisualStudioVersion = 10.0.40219.1
Project("{FAE04EC0-301F-11D3-BF4B-00C04F79EFBC}") = "BitInterview", "..\BitInterView\BitInterview.csproj", "{2FA8F0FA-1B78-46D6-B6BC-C399405EC410}"
EndProject
Project("{FAE04EC0-301F-11D3-BF4B-00C04F79EFBC}") = "GangOfFourDesignPatterns", "..\GangOfFourDesignPatterns\GangOfFourDesignPatterns.csproj", "{09A42297-A86D-4C16-BDC0-FCB6F3C44962}"
EndProject
Project("{FAE04EC0-301F-11D3-BF4B-00C04F79EFBC}") = "SO", "..\SO\SO.csproj", "{FDB88C56-5226-49AD-B817-1E9F582ED44D}"
EndProject
Project("{FAE04EC0-301F-11D3-BF4B-00C04F79EFBC}") = "WindowsFormsApp1", "WindowsFormsApp1\WindowsFormsApp1.csproj", "{5E297B78-95C5-44BB-A78F-1C207DC0C4CA}"
EndProject
Project("{FAE04EC0-301F-11D3-BF4B-00C04F79EFBC}") = "WpfApp1", "WpfApp1\WpfApp1.csproj", "{D6900B68-90DA-49A0-AF58-645866E4A73F}"
EndProject
Global
	GlobalSection(SolutionConfigurationPlatforms) = preSolution
		Debug|Any CPU = Debug|Any CPU
		Release|Any CPU = Release|Any CPU
	EndGlobalSection
	GlobalSection(ProjectConfigurationPlatforms) = postSolution
		{2FA8F0FA-1B78-46D6-B6BC-C399405EC410}.Debug|Any CPU.ActiveCfg = Debug|Any CPU
		{2FA8F0FA-1B78-46D6-B6BC-C399405EC410}.Debug|Any CPU.Build.0 = Debug|Any CPU
		{2FA8F0FA-1B78-46D6-B6BC-C399405EC410}.Release|Any CPU.ActiveCfg = Release|Any CPU
		{2FA8F0FA-1B78-46D6-B6BC-C399405EC410}.Release|Any CPU.Build.0 = Release|Any CPU
		{09A42297-A86D-4C16-BDC0-FCB6F3C44962}.Debug|Any CPU.ActiveCfg = Debug|Any CPU
		{09A42297-A86D-4C16-BDC0-FCB6F3C44962}.Debug|Any CPU.Build.0 = Debug|Any CPU
		{09A42297-A86D-4C16-BDC0-FCB6F3C44962}.Release|Any CPU.ActiveCfg = Release|Any CPU
		{09A42297-A86D-4C16-BDC0-FCB6F3C44962}.Release|Any CPU.Build.0 = Release|Any CPU
		{FDB88C56-5226-49AD-B817-1E9F582ED44D}.Debug|Any CPU.ActiveCfg = Debug|Any CPU
		{FDB88C56-5226-49AD-B817-1E9F582ED44D}.Debug|Any CPU.Build.0 = Debug|Any CPU
		{FDB88C56-5226-49AD-B817-1E9F582ED44D}.Release|Any CPU.ActiveCfg = Release|Any CPU
		{FDB88C56-5226-49AD-B817-1E9F582ED44D}.Release|Any CPU.Build.0 = Release|Any CPU
		{5E297B78-95C5-44BB-A78F-1C207DC0C4CA}.Debug|Any CPU.ActiveCfg = Debug|Any CPU
		{5E297B78-95C5-44BB-A78F-1C207DC0C4CA}.Debug|Any CPU.Build.0 = Debug|Any CPU
		{5E297B78-95C5-44BB-A78F-1C207DC0C4CA}.Release|Any CPU.ActiveCfg = Release|Any CPU
		{5E297B78-95C5-44BB-A78F-1C207DC0C4CA}.Release|Any CPU.Build.0 = Release|Any CPU
		{D6900B68-90DA-49A0-AF58-645866E4A73F}.Debug|Any CPU.ActiveCfg = Debug|Any CPU
		{D6900B68-90DA-49A0-AF58-645866E4A73F}.Debug|Any CPU.Build.0 = Debug|Any CPU
		{D6900B68-90DA-49A0-AF58-645866E4A73F}.Release|Any CPU.ActiveCfg = Release|Any CPU
		{D6900B68-90DA-49A0-AF58-645866E4A73F}.Release|Any CPU.Build.0 = Release|Any CPU
	EndGlobalSection
	GlobalSection(SolutionProperties) = preSolution
		HideSolutionNode = FALSE
	EndGlobalSection
	GlobalSection(ExtensibilityGlobals) = postSolution
		SolutionGuid = {85DF3E0F-A268-4066-A6C9-B2F1A9219523}
	EndGlobalSection
EndGlobal
